
Microsoft Visual Studio Solution File, Format Version 12.00
# Visual Studio Version 17
VisualStudioVersion = 17.9.34310.174
MinimumVisualStudioVersion = 10.0.40219.1
Project("{FAE04EC0-301F-11D3-BF4B-00C04F79EFBC}") = "FluentUI-BlazorApp", "FluentUI-BlazorApp\FluentUI-BlazorApp.csproj", "{54A95E99-3E3A-40C3-B7F6-95AA89E4A1DE}"
EndProject
Global
	GlobalSection(SolutionConfigurationPlatforms) = preSolution
		Debug|Any CPU = Debug|Any CPU
		Release|Any CPU = Release|Any CPU
	EndGlobalSection
	GlobalSection(ProjectConfigurationPlatforms) = postSolution
		{54A95E99-3E3A-40C3-B7F6-95AA89E4A1DE}.Debug|Any CPU.ActiveCfg = Debug|Any CPU
		{54A95E99-3E3A-40C3-B7F6-95AA89E4A1DE}.Debug|Any CPU.Build.0 = Debug|Any CPU
		{54A95E99-3E3A-40C3-B7F6-95AA89E4A1DE}.Release|Any CPU.ActiveCfg = Release|Any CPU
		{54A95E99-3E3A-40C3-B7F6-95AA89E4A1DE}.Release|Any CPU.Build.0 = Release|Any CPU
	EndGlobalSection
	GlobalSection(SolutionProperties) = preSolution
		HideSolutionNode = FALSE
	EndGlobalSection
	GlobalSection(ExtensibilityGlobals) = postSolution
		SolutionGuid = {8B6DC7D8-E1F1-4855-A613-9C486F2C9234}
	EndGlobalSection
EndGlobal
